{
  "name": "core-components-react",
  "version": "1.0.0",
  "lockfileVersion": 2,
  "requires": true,
  "packages": {
    "": {
      "name": "core-components-react",
      "version": "1.0.0",
      "license": "ISC",
      "dependencies": {
        "outsystems-ui-stencil": "^1.2.0"
      }
    },
    "node_modules/@ionic/core": {
      "version": "7.2.1",
      "resolved": "https://registry.npmjs.org/@ionic/core/-/core-7.2.1.tgz",
      "integrity": "sha512-7I3OIGHIhGCXxswphP3vfuyCCjXysAUg4cfKGB2QQ5e073DPsZkMSpVam19nAIjEDyfK2pQZC+SgSkZvvCc+2A==",
      "dependencies": {
        "@stencil/core": "^3.4.0",
        "ionicons": "7.1.0",
        "tslib": "^2.1.0"
      }
    },
    "node_modules/@ionic/core/node_modules/@stencil/core": {
      "version": "3.4.2",
      "resolved": "https://registry.npmjs.org/@stencil/core/-/core-3.4.2.tgz",
      "integrity": "sha512-FAUhUVaakCy29nU2GwO/HQBRV1ihPRvncz3PUc8oR+UJLAxGabTmP8PLY7wvHfbw+Cvi4VXfJFTBvdfDu6iKPQ==",
      "bin": {
        "stencil": "bin/stencil"
      },
      "engines": {
        "node": ">=14.10.0",
        "npm": ">=6.0.0"
      }
    },
    "node_modules/@ionic/core/node_modules/ionicons": {
      "version": "7.1.0",
      "resolved": "https://registry.npmjs.org/ionicons/-/ionicons-7.1.0.tgz",
      "integrity": "sha512-iE4GuEdEHARJpp0sWL7WJZCzNCf5VxpNRhAjW0fLnZPnNL5qZOJUcfup2Z2Ty7Jk8Q5hacrHfGEB1lCwOdXqGg==",
      "dependencies": {
        "@stencil/core": "^2.18.0"
      }
    },
    "node_modules/@ionic/core/node_modules/ionicons/node_modules/@stencil/core": {
      "version": "2.22.3",
      "resolved": "https://registry.npmjs.org/@stencil/core/-/core-2.22.3.tgz",
      "integrity": "sha512-kmVA0M/HojwsfkeHsifvHVIYe4l5tin7J5+DLgtl8h6WWfiMClND5K3ifCXXI2ETDNKiEk21p6jql3Fx9o2rng==",
      "bin": {
        "stencil": "bin/stencil"
      },
      "engines": {
        "node": ">=12.10.0",
        "npm": ">=6.0.0"
      }
    },
    "node_modules/@ionic/react": {
      "version": "7.2.1",
      "resolved": "https://registry.npmjs.org/@ionic/react/-/react-7.2.1.tgz",
      "integrity": "sha512-z9PSPoBiHsdwotdywGcnln1y01wjLoS09vmCUboc+2qSadVMczcjEuBxfRIvjVbaQt3u8RGHif2+K3AgGNKMeA==",
      "dependencies": {
        "@ionic/core": "7.2.1",
        "ionicons": "^7.0.0",
        "tslib": "*"
      },
      "peerDependencies": {
        "react": ">=16.8.6",
        "react-dom": ">=16.8.6"
      }
    },
    "node_modules/@stencil/core": {
      "version": "2.22.3",
      "resolved": "https://registry.npmjs.org/@stencil/core/-/core-2.22.3.tgz",
      "integrity": "sha512-kmVA0M/HojwsfkeHsifvHVIYe4l5tin7J5+DLgtl8h6WWfiMClND5K3ifCXXI2ETDNKiEk21p6jql3Fx9o2rng==",
      "bin": {
        "stencil": "bin/stencil"
      },
      "engines": {
        "node": ">=12.10.0",
        "npm": ">=6.0.0"
      }
    },
    "node_modules/@stencil/react-output-target": {
      "version": "0.5.3",
      "resolved": "https://registry.npmjs.org/@stencil/react-output-target/-/react-output-target-0.5.3.tgz",
      "integrity": "sha512-68jwRp35CjAcwhTJ9yFD/3n+jrHOqvEH2jreVuPVvZK+4tkhPlYlwz0d1E1RlF3jyifUSfdkWUGgXIEy8Fo3yw==",
      "peerDependencies": {
        "@stencil/core": ">=2.0.0 || >=3 || >= 4.0.0-beta.0 || >= 4.0.0"
      }
    },
    "node_modules/chromatic": {
      "version": "6.20.0",
      "resolved": "https://registry.npmjs.org/chromatic/-/chromatic-6.20.0.tgz",
      "integrity": "sha512-PN00MNAg++kXl9HM4JgTHJAMiJQ+nZYhtmKF+viZ6N//CLN5sZrHK5x5TSj/0z/cMhx2gGtbwgRhLHGGqxpj5w==",
      "bin": {
        "chroma": "dist/bin.js",
        "chromatic": "dist/bin.js",
        "chromatic-cli": "dist/bin.js"
      }
    },
    "node_modules/ionicons": {
      "version": "7.1.2",
      "resolved": "https://registry.npmjs.org/ionicons/-/ionicons-7.1.2.tgz",
      "integrity": "sha512-zZ4njAqSP39H8RRvZhJvkHsv7cBjYE/VfInH218Osf2UVxJITSOutTTd25MW+tAXKN5fheYzclUXUsF55JHUDg==",
      "dependencies": {
        "@stencil/core": "^2.18.0"
      }
    },
    "node_modules/js-tokens": {
      "version": "4.0.0",
      "resolved": "https://registry.npmjs.org/js-tokens/-/js-tokens-4.0.0.tgz",
      "integrity": "sha512-RdJUflcE3cUzKiMqQgsCu06FPu9UdIJO0beYbPhHN4k6apgJtifcoCtT9bcxOpYBtpD2kCM6Sbzg4CausW/PKQ==",
      "peer": true
    },
    "node_modules/loose-envify": {
      "version": "1.4.0",
      "resolved": "https://registry.npmjs.org/loose-envify/-/loose-envify-1.4.0.tgz",
      "integrity": "sha512-lyuxPGr/Wfhrlem2CL/UcnUc1zcqKAImBDzukY7Y5F/yQiNdko6+fRLevlw1HgMySw7f611UIY408EtxRSoK3Q==",
      "peer": true,
      "dependencies": {
        "js-tokens": "^3.0.0 || ^4.0.0"
      },
      "bin": {
        "loose-envify": "cli.js"
      }
    },
    "node_modules/outsystems-ui-stencil": {
      "version": "1.2.0",
      "resolved": "https://registry.npmjs.org/outsystems-ui-stencil/-/outsystems-ui-stencil-1.2.0.tgz",
      "integrity": "sha512-rU4DuSucE2HfjxCmsMJ78ai5tas+UnJYMON5f6Di4uWJ+df5sKUkV1hNUFgeGmUVi8a705xRvzvjd2I0NcOe6g==",
      "dependencies": {
        "@ionic/react": "^7.2.1",
        "@stencil/core": "^2.13.0",
        "@stencil/react-output-target": "^0.5.3",
        "chromatic": "^6.20.0"
      },
      "engines": {
        "npm": "^8.0.0"
      }
    },
    "node_modules/react": {
      "version": "18.2.0",
      "resolved": "https://registry.npmjs.org/react/-/react-18.2.0.tgz",
      "integrity": "sha512-/3IjMdb2L9QbBdWiW5e3P2/npwMBaU9mHCSCUzNln0ZCYbcfTsGbTJrU/kGemdH2IWmB2ioZ+zkxtmq6g09fGQ==",
      "peer": true,
      "dependencies": {
        "loose-envify": "^1.1.0"
      },
      "engines": {
        "node": ">=0.10.0"
      }
    },
    "node_modules/react-dom": {
      "version": "18.2.0",
      "resolved": "https://registry.npmjs.org/react-dom/-/react-dom-18.2.0.tgz",
      "integrity": "sha512-6IMTriUmvsjHUjNtEDudZfuDQUoWXVxKHhlEGSk81n4YFS+r/Kl99wXiwlVXtPBtJenozv2P+hxDsw9eA7Xo6g==",
      "peer": true,
      "dependencies": {
        "loose-envify": "^1.1.0",
        "scheduler": "^0.23.0"
      },
      "peerDependencies": {
        "react": "^18.2.0"
      }
    },
    "node_modules/scheduler": {
      "version": "0.23.0",
      "resolved": "https://registry.npmjs.org/scheduler/-/scheduler-0.23.0.tgz",
      "integrity": "sha512-CtuThmgHNg7zIZWAXi3AsyIzA3n4xx7aNyjwC2VJldO2LMVDhFK+63xGqq6CsJH4rTAt6/M+N4GhZiDYPx9eUw==",
      "peer": true,
      "dependencies": {
        "loose-envify": "^1.1.0"
      }
    },
    "node_modules/tslib": {
      "version": "2.6.1",
      "resolved": "https://registry.npmjs.org/tslib/-/tslib-2.6.1.tgz",
      "integrity": "sha512-t0hLfiEKfMUoqhG+U1oid7Pva4bbDPHYfJNiB7BiIjRkj1pyC++4N3huJfqY6aRH6VTB0rvtzQwjM4K6qpfOig=="
    }
  },
  "dependencies": {
    "@ionic/core": {
      "version": "7.2.1",
      "resolved": "https://registry.npmjs.org/@ionic/core/-/core-7.2.1.tgz",
      "integrity": "sha512-7I3OIGHIhGCXxswphP3vfuyCCjXysAUg4cfKGB2QQ5e073DPsZkMSpVam19nAIjEDyfK2pQZC+SgSkZvvCc+2A==",
      "requires": {
        "@stencil/core": "^3.4.0",
        "ionicons": "7.1.0",
        "tslib": "^2.1.0"
      },
      "dependencies": {
        "@stencil/core": {
          "version": "3.4.2",
          "resolved": "https://registry.npmjs.org/@stencil/core/-/core-3.4.2.tgz",
          "integrity": "sha512-FAUhUVaakCy29nU2GwO/HQBRV1ihPRvncz3PUc8oR+UJLAxGabTmP8PLY7wvHfbw+Cvi4VXfJFTBvdfDu6iKPQ=="
        },
        "ionicons": {
          "version": "7.1.0",
          "resolved": "https://registry.npmjs.org/ionicons/-/ionicons-7.1.0.tgz",
          "integrity": "sha512-iE4GuEdEHARJpp0sWL7WJZCzNCf5VxpNRhAjW0fLnZPnNL5qZOJUcfup2Z2Ty7Jk8Q5hacrHfGEB1lCwOdXqGg==",
          "requires": {
            "@stencil/core": "^2.18.0"
          },
          "dependencies": {
            "@stencil/core": {
              "version": "2.22.3",
              "resolved": "https://registry.npmjs.org/@stencil/core/-/core-2.22.3.tgz",
              "integrity": "sha512-kmVA0M/HojwsfkeHsifvHVIYe4l5tin7J5+DLgtl8h6WWfiMClND5K3ifCXXI2ETDNKiEk21p6jql3Fx9o2rng=="
            }
          }
        }
      }
    },
    "@ionic/react": {
      "version": "7.2.1",
      "resolved": "https://registry.npmjs.org/@ionic/react/-/react-7.2.1.tgz",
      "integrity": "sha512-z9PSPoBiHsdwotdywGcnln1y01wjLoS09vmCUboc+2qSadVMczcjEuBxfRIvjVbaQt3u8RGHif2+K3AgGNKMeA==",
      "requires": {
        "@ionic/core": "7.2.1",
        "ionicons": "^7.0.0",
        "tslib": "*"
      }
    },
    "@stencil/core": {
      "version": "2.22.3",
      "resolved": "https://registry.npmjs.org/@stencil/core/-/core-2.22.3.tgz",
      "integrity": "sha512-kmVA0M/HojwsfkeHsifvHVIYe4l5tin7J5+DLgtl8h6WWfiMClND5K3ifCXXI2ETDNKiEk21p6jql3Fx9o2rng=="
    },
    "@stencil/react-output-target": {
      "version": "0.5.3",
      "resolved": "https://registry.npmjs.org/@stencil/react-output-target/-/react-output-target-0.5.3.tgz",
      "integrity": "sha512-68jwRp35CjAcwhTJ9yFD/3n+jrHOqvEH2jreVuPVvZK+4tkhPlYlwz0d1E1RlF3jyifUSfdkWUGgXIEy8Fo3yw==",
      "requires": {}
    },
    "chromatic": {
      "version": "6.20.0",
      "resolved": "https://registry.npmjs.org/chromatic/-/chromatic-6.20.0.tgz",
      "integrity": "sha512-PN00MNAg++kXl9HM4JgTHJAMiJQ+nZYhtmKF+viZ6N//CLN5sZrHK5x5TSj/0z/cMhx2gGtbwgRhLHGGqxpj5w=="
    },
    "ionicons": {
      "version": "7.1.2",
      "resolved": "https://registry.npmjs.org/ionicons/-/ionicons-7.1.2.tgz",
      "integrity": "sha512-zZ4njAqSP39H8RRvZhJvkHsv7cBjYE/VfInH218Osf2UVxJITSOutTTd25MW+tAXKN5fheYzclUXUsF55JHUDg==",
      "requires": {
        "@stencil/core": "^2.18.0"
      }
    },
    "js-tokens": {
      "version": "4.0.0",
      "resolved": "https://registry.npmjs.org/js-tokens/-/js-tokens-4.0.0.tgz",
      "integrity": "sha512-RdJUflcE3cUzKiMqQgsCu06FPu9UdIJO0beYbPhHN4k6apgJtifcoCtT9bcxOpYBtpD2kCM6Sbzg4CausW/PKQ==",
      "peer": true
    },
    "loose-envify": {
      "version": "1.4.0",
      "resolved": "https://registry.npmjs.org/loose-envify/-/loose-envify-1.4.0.tgz",
      "integrity": "sha512-lyuxPGr/Wfhrlem2CL/UcnUc1zcqKAImBDzukY7Y5F/yQiNdko6+fRLevlw1HgMySw7f611UIY408EtxRSoK3Q==",
      "peer": true,
      "requires": {
        "js-tokens": "^3.0.0 || ^4.0.0"
      }
    },
    "outsystems-ui-stencil": {
      "version": "1.2.0",
      "resolved": "https://registry.npmjs.org/outsystems-ui-stencil/-/outsystems-ui-stencil-1.2.0.tgz",
      "integrity": "sha512-rU4DuSucE2HfjxCmsMJ78ai5tas+UnJYMON5f6Di4uWJ+df5sKUkV1hNUFgeGmUVi8a705xRvzvjd2I0NcOe6g==",
      "requires": {
        "@ionic/react": "^7.2.1",
        "@stencil/core": "^2.13.0",
        "@stencil/react-output-target": "^0.5.3",
        "chromatic": "^6.20.0"
      }
    },
    "react": {
      "version": "18.2.0",
      "resolved": "https://registry.npmjs.org/react/-/react-18.2.0.tgz",
      "integrity": "sha512-/3IjMdb2L9QbBdWiW5e3P2/npwMBaU9mHCSCUzNln0ZCYbcfTsGbTJrU/kGemdH2IWmB2ioZ+zkxtmq6g09fGQ==",
      "peer": true,
      "requires": {
        "loose-envify": "^1.1.0"
      }
    },
    "react-dom": {
      "version": "18.2.0",
      "resolved": "https://registry.npmjs.org/react-dom/-/react-dom-18.2.0.tgz",
      "integrity": "sha512-6IMTriUmvsjHUjNtEDudZfuDQUoWXVxKHhlEGSk81n4YFS+r/Kl99wXiwlVXtPBtJenozv2P+hxDsw9eA7Xo6g==",
      "peer": true,
      "requires": {
        "loose-envify": "^1.1.0",
        "scheduler": "^0.23.0"
      }
    },
    "scheduler": {
      "version": "0.23.0",
      "resolved": "https://registry.npmjs.org/scheduler/-/scheduler-0.23.0.tgz",
      "integrity": "sha512-CtuThmgHNg7zIZWAXi3AsyIzA3n4xx7aNyjwC2VJldO2LMVDhFK+63xGqq6CsJH4rTAt6/M+N4GhZiDYPx9eUw==",
      "peer": true,
      "requires": {
        "loose-envify": "^1.1.0"
      }
    },
    "tslib": {
      "version": "2.6.1",
      "resolved": "https://registry.npmjs.org/tslib/-/tslib-2.6.1.tgz",
      "integrity": "sha512-t0hLfiEKfMUoqhG+U1oid7Pva4bbDPHYfJNiB7BiIjRkj1pyC++4N3huJfqY6aRH6VTB0rvtzQwjM4K6qpfOig=="
    }
  }
}
